// !$*UTF8*$!
{
	archiveVersion = 1;
	classes = {
	};
	objectVersion = 77;
	objects = {

/* Begin PBXBuildFile section */
		6D6C13EF2EA9821B00FD64AB /* PDFStorageManager.swift in Sources */ = {isa = PBXBuildFile; fileRef = 6D6C13EE2EA9821B00FD64AB /* PDFStorageManager.swift */; };
		6D6C13F22EA987E600FD64AB /* WelcomeView.swift in Sources */ = {isa = PBXBuildFile; fileRef = 6D6C13F12EA987E600FD64AB /* WelcomeView.swift */; };
		6DA394962EA7071600335E5E /* PDF_ConverterApp.swift in Sources */ = {isa = PBXBuildFile; fileRef = 6DA394922EA7071600335E5E /* PDF_ConverterApp.swift */; };
		6DA396E32EA71F7800335E5E /* FilesContentView.swift in Sources */ = {isa = PBXBuildFile; fileRef = 6DA396E22EA71F7800335E5E /* FilesContentView.swift */; };
		6DA396EB2EA7228D00335E5E /* ChoosePhotoView.swift in Sources */ = {isa = PBXBuildFile; fileRef = 6DA396EA2EA7228D00335E5E /* ChoosePhotoView.swift */; };
		6DA396F32EA72CC700335E5E /* CustomNavigationBar.swift in Sources */ = {isa = PBXBuildFile; fileRef = 6DA396F22EA72CC700335E5E /* CustomNavigationBar.swift */; };
		6DA396F52EA754CE00335E5E /* CustomTabBar.swift in Sources */ = {isa = PBXBuildFile; fileRef = 6DA396F42EA754CE00335E5E /* CustomTabBar.swift */; };
		6DA396F72EA75D6600335E5E /* EmptyStateView.swift in Sources */ = {isa = PBXBuildFile; fileRef = 6DA396F62EA75D6600335E5E /* EmptyStateView.swift */; };
		6DA396F92EA76A7B00335E5E /* ImagePickerView.swift in Sources */ = {isa = PBXBuildFile; fileRef = 6DA396F82EA76A7B00335E5E /* ImagePickerView.swift */; };
		6DA396FB2EA7771A00335E5E /* PDFDocumentItem.swift in Sources */ = {isa = PBXBuildFile; fileRef = 6DA396FA2EA7771A00335E5E /* PDFDocumentItem.swift */; };
		6DA396FD2EA78ED800335E5E /* PDFView.swift in Sources */ = {isa = PBXBuildFile; fileRef = 6DA396FC2EA78ED800335E5E /* PDFView.swift */; };
		6DA396FF2EA79B2600335E5E /* CustomAlertView.swift in Sources */ = {isa = PBXBuildFile; fileRef = 6DA396FE2EA79B2600335E5E /* CustomAlertView.swift */; };
		6DA397032EA835EA00335E5E /* FilesViewModel.swift in Sources */ = {isa = PBXBuildFile; fileRef = 6DA397022EA835EA00335E5E /* FilesViewModel.swift */; };
		6DA397092EA83C6900335E5E /* PDFListView.swift in Sources */ = {isa = PBXBuildFile; fileRef = 6DA397082EA83C6900335E5E /* PDFListView.swift */; };
		6DA3970B2EA83C8D00335E5E /* MergePDFSelectorView.swift in Sources */ = {isa = PBXBuildFile; fileRef = 6DA3970A2EA83C8D00335E5E /* MergePDFSelectorView.swift */; };
		6DA397452EA84EE300335E5E /* DocumentPickerView.swift in Sources */ = {isa = PBXBuildFile; fileRef = 6DA397442EA84EE300335E5E /* DocumentPickerView.swift */; };
		6DA397472EA8509700335E5E /* ConvertButton.swift in Sources */ = {isa = PBXBuildFile; fileRef = 6DA397462EA8509700335E5E /* ConvertButton.swift */; };
		6DA397492EA8865000335E5E /* PDFReaderView.swift in Sources */ = {isa = PBXBuildFile; fileRef = 6DA397482EA8865000335E5E /* PDFReaderView.swift */; };
		6DA3974E2EA8A9A000335E5E /* PDFKitView.swift in Sources */ = {isa = PBXBuildFile; fileRef = 6DA3974D2EA8A9A000335E5E /* PDFKitView.swift */; };
		6DA397722EA8B8D700335E5E /* PDFModel.xcdatamodeld in Sources */ = {isa = PBXBuildFile; fileRef = 6DA397702EA8B8D700335E5E /* PDFModel.xcdatamodeld */; };
		6DA397742EA8B94B00335E5E /* PersistenceController.swift in Sources */ = {isa = PBXBuildFile; fileRef = 6DA397732EA8B94B00335E5E /* PersistenceController.swift */; };
/* End PBXBuildFile section */

/* Begin PBXFileReference section */
		6D6C13EE2EA9821B00FD64AB /* PDFStorageManager.swift */ = {isa = PBXFileReference; lastKnownFileType = sourcecode.swift; path = PDFStorageManager.swift; sourceTree = "<group>"; };
		6D6C13F12EA987E600FD64AB /* WelcomeView.swift */ = {isa = PBXFileReference; lastKnownFileType = sourcecode.swift; path = WelcomeView.swift; sourceTree = "<group>"; };
		6DA394822EA7070400335E5E /* PDF Converter.app */ = {isa = PBXFileReference; explicitFileType = wrapper.application; includeInIndex = 0; path = "PDF Converter.app"; sourceTree = BUILT_PRODUCTS_DIR; };
		6DA394922EA7071600335E5E /* PDF_ConverterApp.swift */ = {isa = PBXFileReference; lastKnownFileType = sourcecode.swift; path = PDF_ConverterApp.swift; sourceTree = "<group>"; };
		6DA396E22EA71F7800335E5E /* FilesContentView.swift */ = {isa = PBXFileReference; lastKnownFileType = sourcecode.swift; path = FilesContentView.swift; sourceTree = "<group>"; };
		6DA396EA2EA7228D00335E5E /* ChoosePhotoView.swift */ = {isa = PBXFileReference; lastKnownFileType = sourcecode.swift; path = ChoosePhotoView.swift; sourceTree = "<group>"; };
		6DA396F22EA72CC700335E5E /* CustomNavigationBar.swift */ = {isa = PBXFileReference; lastKnownFileType = sourcecode.swift; path = CustomNavigationBar.swift; sourceTree = "<group>"; };
		6DA396F42EA754CE00335E5E /* CustomTabBar.swift */ = {isa = PBXFileReference; lastKnownFileType = sourcecode.swift; path = CustomTabBar.swift; sourceTree = "<group>"; };
		6DA396F62EA75D6600335E5E /* EmptyStateView.swift */ = {isa = PBXFileReference; lastKnownFileType = sourcecode.swift; path = EmptyStateView.swift; sourceTree = "<group>"; };
		6DA396F82EA76A7B00335E5E /* ImagePickerView.swift */ = {isa = PBXFileReference; lastKnownFileType = sourcecode.swift; path = ImagePickerView.swift; sourceTree = "<group>"; };
		6DA396FA2EA7771A00335E5E /* PDFDocumentItem.swift */ = {isa = PBXFileReference; lastKnownFileType = sourcecode.swift; path = PDFDocumentItem.swift; sourceTree = "<group>"; };
		6DA396FC2EA78ED800335E5E /* PDFView.swift */ = {isa = PBXFileReference; lastKnownFileType = sourcecode.swift; path = PDFView.swift; sourceTree = "<group>"; };
		6DA396FE2EA79B2600335E5E /* CustomAlertView.swift */ = {isa = PBXFileReference; lastKnownFileType = sourcecode.swift; path = CustomAlertView.swift; sourceTree = "<group>"; };
		6DA397022EA835EA00335E5E /* FilesViewModel.swift */ = {isa = PBXFileReference; lastKnownFileType = sourcecode.swift; path = FilesViewModel.swift; sourceTree = "<group>"; };
		6DA397082EA83C6900335E5E /* PDFListView.swift */ = {isa = PBXFileReference; lastKnownFileType = sourcecode.swift; path = PDFListView.swift; sourceTree = "<group>"; };
		6DA3970A2EA83C8D00335E5E /* MergePDFSelectorView.swift */ = {isa = PBXFileReference; lastKnownFileType = sourcecode.swift; path = MergePDFSelectorView.swift; sourceTree = "<group>"; };
		6DA397442EA84EE300335E5E /* DocumentPickerView.swift */ = {isa = PBXFileReference; lastKnownFileType = sourcecode.swift; path = DocumentPickerView.swift; sourceTree = "<group>"; };
		6DA397462EA8509700335E5E /* ConvertButton.swift */ = {isa = PBXFileReference; lastKnownFileType = sourcecode.swift; path = ConvertButton.swift; sourceTree = "<group>"; };
		6DA397482EA8865000335E5E /* PDFReaderView.swift */ = {isa = PBXFileReference; lastKnownFileType = sourcecode.swift; path = PDFReaderView.swift; sourceTree = "<group>"; };
		6DA3974D2EA8A9A000335E5E /* PDFKitView.swift */ = {isa = PBXFileReference; lastKnownFileType = sourcecode.swift; path = PDFKitView.swift; sourceTree = "<group>"; };
		6DA397712EA8B8D700335E5E /* PDFModel.xcdatamodel */ = {isa = PBXFileReference; lastKnownFileType = wrapper.xcdatamodel; path = PDFModel.xcdatamodel; sourceTree = "<group>"; };
		6DA397732EA8B94B00335E5E /* PersistenceController.swift */ = {isa = PBXFileReference; lastKnownFileType = sourcecode.swift; path = PersistenceController.swift; sourceTree = "<group>"; };
/* End PBXFileReference section */

/* Begin PBXFileSystemSynchronizedRootGroup section */
		6D6C133C2EA96C3300FD64AB /* SupportingFiles */ = {
			isa = PBXFileSystemSynchronizedRootGroup;
			path = SupportingFiles;
			sourceTree = "<group>";
		};
		6DA3976F2EA8B8AB00335E5E /* PDFService */ = {
			isa = PBXFileSystemSynchronizedRootGroup;
			path = PDFService;
			sourceTree = "<group>";
		};
/* End PBXFileSystemSynchronizedRootGroup section */

/* Begin PBXFrameworksBuildPhase section */
		6DA3947F2EA7070400335E5E /* Frameworks */ = {
			isa = PBXFrameworksBuildPhase;
			buildActionMask = 2147483647;
			files = (
			);
			runOnlyForDeploymentPostprocessing = 0;
		};
/* End PBXFrameworksBuildPhase section */

/* Begin PBXGroup section */
		6D6C13F02EA987B600FD64AB /* WelcomScreen */ = {
			isa = PBXGroup;
			children = (
				6D6C13F12EA987E600FD64AB /* WelcomeView.swift */,
			);
			path = WelcomScreen;
			sourceTree = "<group>";
		};
		6DA394792EA7070400335E5E = {
			isa = PBXGroup;
			children = (
				6DA394932EA7071600335E5E /* PDF Converter */,
				6DA394832EA7070400335E5E /* Products */,
			);
			sourceTree = "<group>";
		};
		6DA394832EA7070400335E5E /* Products */ = {
			isa = PBXGroup;
			children = (
				6DA394822EA7070400335E5E /* PDF Converter.app */,
			);
			name = Products;
			sourceTree = "<group>";
		};
		6DA394932EA7071600335E5E /* PDF Converter */ = {
			isa = PBXGroup;
			children = (
				6DA396A22EA7108900335E5E /* App */,
				6DA396A42EA7134000335E5E /* Services */,
				6DA396F02EA72C7C00335E5E /* Components */,
				6DA396E82EA721A700335E5E /* Models */,
				6DA394972EA70DFA00335E5E /* Modules */,
				6D6C133C2EA96C3300FD64AB /* SupportingFiles */,
			);
			path = "PDF Converter";
			sourceTree = "<group>";
		};
		6DA394972EA70DFA00335E5E /* Modules */ = {
			isa = PBXGroup;
			children = (
				6D6C13F02EA987B600FD64AB /* WelcomScreen */,
				6DA396A52EA7142B00335E5E /* FilesModule */,
				6DA397002EA8352F00335E5E /* PDFReaderModule */,
			);
			path = Modules;
			sourceTree = "<group>";
		};
		6DA396A22EA7108900335E5E /* App */ = {
			isa = PBXGroup;
			children = (
				6DA394922EA7071600335E5E /* PDF_ConverterApp.swift */,
			);
			path = App;
			sourceTree = "<group>";
		};
		6DA396A42EA7134000335E5E /* Services */ = {
			isa = PBXGroup;
			children = (
				6DA3974F2EA8ABE100335E5E /* Storage */,
				6DA3976F2EA8B8AB00335E5E /* PDFService */,
			);
			path = Services;
			sourceTree = "<group>";
		};
		6DA396A52EA7142B00335E5E /* FilesModule */ = {
			isa = PBXGroup;
			children = (
				6DA396E92EA7222800335E5E /* Views */,
				6DA396E22EA71F7800335E5E /* FilesContentView.swift */,
				6DA397022EA835EA00335E5E /* FilesViewModel.swift */,
			);
			path = FilesModule;
			sourceTree = "<group>";
		};
		6DA396E82EA721A700335E5E /* Models */ = {
			isa = PBXGroup;
			children = (
				6DA396FA2EA7771A00335E5E /* PDFDocumentItem.swift */,
			);
			path = Models;
			sourceTree = "<group>";
		};
		6DA396E92EA7222800335E5E /* Views */ = {
			isa = PBXGroup;
			children = (
				6DA396EA2EA7228D00335E5E /* ChoosePhotoView.swift */,
				6DA396F62EA75D6600335E5E /* EmptyStateView.swift */,
				6DA396FC2EA78ED800335E5E /* PDFView.swift */,
				6DA397082EA83C6900335E5E /* PDFListView.swift */,
				6DA3970A2EA83C8D00335E5E /* MergePDFSelectorView.swift */,
			);
			path = Views;
			sourceTree = "<group>";
		};
		6DA396F02EA72C7C00335E5E /* Components */ = {
			isa = PBXGroup;
			children = (
				6DA396F12EA72C9500335E5E /* UI */,
			);
			path = Components;
			sourceTree = "<group>";
		};
		6DA396F12EA72C9500335E5E /* UI */ = {
			isa = PBXGroup;
			children = (
				6DA396F22EA72CC700335E5E /* CustomNavigationBar.swift */,
				6DA396FE2EA79B2600335E5E /* CustomAlertView.swift */,
				6DA396F42EA754CE00335E5E /* CustomTabBar.swift */,
				6DA397462EA8509700335E5E /* ConvertButton.swift */,
				6DA397442EA84EE300335E5E /* DocumentPickerView.swift */,
				6DA396F82EA76A7B00335E5E /* ImagePickerView.swift */,
			);
			path = UI;
			sourceTree = "<group>";
		};
		6DA397002EA8352F00335E5E /* PDFReaderModule */ = {
			isa = PBXGroup;
			children = (
				6DA397482EA8865000335E5E /* PDFReaderView.swift */,
				6DA3974D2EA8A9A000335E5E /* PDFKitView.swift */,
			);
			path = PDFReaderModule;
			sourceTree = "<group>";
		};
		6DA3974F2EA8ABE100335E5E /* Storage */ = {
			isa = PBXGroup;
			children = (
				6DA397732EA8B94B00335E5E /* PersistenceController.swift */,
				6D6C13EE2EA9821B00FD64AB /* PDFStorageManager.swift */,
				6DA397702EA8B8D700335E5E /* PDFModel.xcdatamodeld */,
			);
			path = Storage;
			sourceTree = "<group>";
		};
/* End PBXGroup section */

/* Begin PBXNativeTarget section */
		6DA394812EA7070400335E5E /* PDF Converter */ = {
			isa = PBXNativeTarget;
			buildConfigurationList = 6DA3948D2EA7070500335E5E /* Build configuration list for PBXNativeTarget "PDF Converter" */;
			buildPhases = (
				6DA3947E2EA7070400335E5E /* Sources */,
				6DA3947F2EA7070400335E5E /* Frameworks */,
				6DA394802EA7070400335E5E /* Resources */,
			);
			buildRules = (
			);
			dependencies = (
			);
			fileSystemSynchronizedGroups = (
				6D6C133C2EA96C3300FD64AB /* SupportingFiles */,
				6DA3976F2EA8B8AB00335E5E /* PDFService */,
			);
			name = "PDF Converter";
			packageProductDependencies = (
			);
			productName = "PDF Converter";
			productReference = 6DA394822EA7070400335E5E /* PDF Converter.app */;
			productType = "com.apple.product-type.application";
		};
/* End PBXNativeTarget section */

/* Begin PBXProject section */
		6DA3947A2EA7070400335E5E /* Project object */ = {
			isa = PBXProject;
			attributes = {
				BuildIndependentTargetsInParallel = 1;
				LastSwiftUpdateCheck = 1640;
				LastUpgradeCheck = 1640;
				TargetAttributes = {
					6DA394812EA7070400335E5E = {
						CreatedOnToolsVersion = 16.4;
					};
				};
			};
			buildConfigurationList = 6DA3947D2EA7070400335E5E /* Build configuration list for PBXProject "PDF Converter" */;
			developmentRegion = en;
			hasScannedForEncodings = 0;
			knownRegions = (
				en,
				Base,
			);
			mainGroup = 6DA394792EA7070400335E5E;
			minimizedProjectReferenceProxies = 1;
			preferredProjectObjectVersion = 77;
			productRefGroup = 6DA394832EA7070400335E5E /* Products */;
			projectDirPath = "";
			projectRoot = "";
			targets = (
				6DA394812EA7070400335E5E /* PDF Converter */,
			);
		};
/* End PBXProject section */

/* Begin PBXResourcesBuildPhase section */
		6DA394802EA7070400335E5E /* Resources */ = {
			isa = PBXResourcesBuildPhase;
			buildActionMask = 2147483647;
			files = (
			);
			runOnlyForDeploymentPostprocessing = 0;
		};
/* End PBXResourcesBuildPhase section */

/* Begin PBXSourcesBuildPhase section */
		6DA3947E2EA7070400335E5E /* Sources */ = {
			isa = PBXSourcesBuildPhase;
			buildActionMask = 2147483647;
			files = (
				6DA397722EA8B8D700335E5E /* PDFModel.xcdatamodeld in Sources */,
				6DA396F72EA75D6600335E5E /* EmptyStateView.swift in Sources */,
				6DA397742EA8B94B00335E5E /* PersistenceController.swift in Sources */,
				6DA396EB2EA7228D00335E5E /* ChoosePhotoView.swift in Sources */,
				6DA396FD2EA78ED800335E5E /* PDFView.swift in Sources */,
				6DA397492EA8865000335E5E /* PDFReaderView.swift in Sources */,
				6DA396F92EA76A7B00335E5E /* ImagePickerView.swift in Sources */,
				6DA396FF2EA79B2600335E5E /* CustomAlertView.swift in Sources */,
				6DA397032EA835EA00335E5E /* FilesViewModel.swift in Sources */,
				6DA396FB2EA7771A00335E5E /* PDFDocumentItem.swift in Sources */,
				6DA3974E2EA8A9A000335E5E /* PDFKitView.swift in Sources */,
				6DA396F52EA754CE00335E5E /* CustomTabBar.swift in Sources */,
				6DA394962EA7071600335E5E /* PDF_ConverterApp.swift in Sources */,
				6DA396E32EA71F7800335E5E /* FilesContentView.swift in Sources */,
				6DA397472EA8509700335E5E /* ConvertButton.swift in Sources */,
				6DA397452EA84EE300335E5E /* DocumentPickerView.swift in Sources */,
				6D6C13F22EA987E600FD64AB /* WelcomeView.swift in Sources */,
				6D6C13EF2EA9821B00FD64AB /* PDFStorageManager.swift in Sources */,
				6DA3970B2EA83C8D00335E5E /* MergePDFSelectorView.swift in Sources */,
				6DA396F32EA72CC700335E5E /* CustomNavigationBar.swift in Sources */,
				6DA397092EA83C6900335E5E /* PDFListView.swift in Sources */,
			);
			runOnlyForDeploymentPostprocessing = 0;
		};
/* End PBXSourcesBuildPhase section */

/* Begin XCBuildConfiguration section */
		6DA3948B2EA7070500335E5E /* Debug */ = {
			isa = XCBuildConfiguration;
			buildSettings = {
				ALWAYS_SEARCH_USER_PATHS = NO;
				ASSETCATALOG_COMPILER_GENERATE_SWIFT_ASSET_SYMBOL_EXTENSIONS = YES;
				CLANG_ANALYZER_NONNULL = YES;
				CLANG_ANALYZER_NUMBER_OBJECT_CONVERSION = YES_AGGRESSIVE;
				CLANG_CXX_LANGUAGE_STANDARD = "gnu++20";
				CLANG_ENABLE_MODULES = YES;
				CLANG_ENABLE_OBJC_ARC = YES;
				CLANG_ENABLE_OBJC_WEAK = YES;
				CLANG_WARN_BLOCK_CAPTURE_AUTORELEASING = YES;
				CLANG_WARN_BOOL_CONVERSION = YES;
				CLANG_WARN_COMMA = YES;
				CLANG_WARN_CONSTANT_CONVERSION = YES;
				CLANG_WARN_DEPRECATED_OBJC_IMPLEMENTATIONS = YES;
				CLANG_WARN_DIRECT_OBJC_ISA_USAGE = YES_ERROR;
				CLANG_WARN_DOCUMENTATION_COMMENTS = YES;
				CLANG_WARN_EMPTY_BODY = YES;
				CLANG_WARN_ENUM_CONVERSION = YES;
				CLANG_WARN_INFINITE_RECURSION = YES;
				CLANG_WARN_INT_CONVERSION = YES;
				CLANG_WARN_NON_LITERAL_NULL_CONVERSION = YES;
				CLANG_WARN_OBJC_IMPLICIT_RETAIN_SELF = YES;
				CLANG_WARN_OBJC_LITERAL_CONVERSION = YES;
				CLANG_WARN_OBJC_ROOT_CLASS = YES_ERROR;
				CLANG_WARN_QUOTED_INCLUDE_IN_FRAMEWORK_HEADER = YES;
				CLANG_WARN_RANGE_LOOP_ANALYSIS = YES;
				CLANG_WARN_STRICT_PROTOTYPES = YES;
				CLANG_WARN_SUSPICIOUS_MOVE = YES;
				CLANG_WARN_UNGUARDED_AVAILABILITY = YES_AGGRESSIVE;
				CLANG_WARN_UNREACHABLE_CODE = YES;
				CLANG_WARN__DUPLICATE_METHOD_MATCH = YES;
				COPY_PHASE_STRIP = NO;
				DEBUG_INFORMATION_FORMAT = dwarf;
				ENABLE_STRICT_OBJC_MSGSEND = YES;
				ENABLE_TESTABILITY = YES;
				ENABLE_USER_SCRIPT_SANDBOXING = YES;
				GCC_C_LANGUAGE_STANDARD = gnu17;
				GCC_DYNAMIC_NO_PIC = NO;
				GCC_NO_COMMON_BLOCKS = YES;
				GCC_OPTIMIZATION_LEVEL = 0;
				GCC_PREPROCESSOR_DEFINITIONS = (
					"DEBUG=1",
					"$(inherited)",
				);
				GCC_WARN_64_TO_32_BIT_CONVERSION = YES;
				GCC_WARN_ABOUT_RETURN_TYPE = YES_ERROR;
				GCC_WARN_UNDECLARED_SELECTOR = YES;
				GCC_WARN_UNINITIALIZED_AUTOS = YES_AGGRESSIVE;
				GCC_WARN_UNUSED_FUNCTION = YES;
				GCC_WARN_UNUSED_VARIABLE = YES;
				IPHONEOS_DEPLOYMENT_TARGET = 18.5;
				LOCALIZATION_PREFERS_STRING_CATALOGS = YES;
				MTL_ENABLE_DEBUG_INFO = INCLUDE_SOURCE;
				MTL_FAST_MATH = YES;
				ONLY_ACTIVE_ARCH = YES;
				SDKROOT = iphoneos;
				SWIFT_ACTIVE_COMPILATION_CONDITIONS = "DEBUG $(inherited)";
				SWIFT_OPTIMIZATION_LEVEL = "-Onone";
			};
			name = Debug;
		};
		6DA3948C2EA7070500335E5E /* Release */ = {
			isa = XCBuildConfiguration;
			buildSettings = {
				ALWAYS_SEARCH_USER_PATHS = NO;
				ASSETCATALOG_COMPILER_GENERATE_SWIFT_ASSET_SYMBOL_EXTENSIONS = YES;
				CLANG_ANALYZER_NONNULL = YES;
				CLANG_ANALYZER_NUMBER_OBJECT_CONVERSION = YES_AGGRESSIVE;
				CLANG_CXX_LANGUAGE_STANDARD = "gnu++20";
				CLANG_ENABLE_MODULES = YES;
				CLANG_ENABLE_OBJC_ARC = YES;
				CLANG_ENABLE_OBJC_WEAK = YES;
				CLANG_WARN_BLOCK_CAPTURE_AUTORELEASING = YES;
				CLANG_WARN_BOOL_CONVERSION = YES;
				CLANG_WARN_COMMA = YES;
				CLANG_WARN_CONSTANT_CONVERSION = YES;
				CLANG_WARN_DEPRECATED_OBJC_IMPLEMENTATIONS = YES;
				CLANG_WARN_DIRECT_OBJC_ISA_USAGE = YES_ERROR;
				CLANG_WARN_DOCUMENTATION_COMMENTS = YES;
				CLANG_WARN_EMPTY_BODY = YES;
				CLANG_WARN_ENUM_CONVERSION = YES;
				CLANG_WARN_INFINITE_RECURSION = YES;
				CLANG_WARN_INT_CONVERSION = YES;
				CLANG_WARN_NON_LITERAL_NULL_CONVERSION = YES;
				CLANG_WARN_OBJC_IMPLICIT_RETAIN_SELF = YES;
				CLANG_WARN_OBJC_LITERAL_CONVERSION = YES;
				CLANG_WARN_OBJC_ROOT_CLASS = YES_ERROR;
				CLANG_WARN_QUOTED_INCLUDE_IN_FRAMEWORK_HEADER = YES;
				CLANG_WARN_RANGE_LOOP_ANALYSIS = YES;
				CLANG_WARN_STRICT_PROTOTYPES = YES;
				CLANG_WARN_SUSPICIOUS_MOVE = YES;
				CLANG_WARN_UNGUARDED_AVAILABILITY = YES_AGGRESSIVE;
				CLANG_WARN_UNREACHABLE_CODE = YES;
				CLANG_WARN__DUPLICATE_METHOD_MATCH = YES;
				COPY_PHASE_STRIP = NO;
				DEBUG_INFORMATION_FORMAT = "dwarf-with-dsym";
				ENABLE_NS_ASSERTIONS = NO;
				ENABLE_STRICT_OBJC_MSGSEND = YES;
				ENABLE_USER_SCRIPT_SANDBOXING = YES;
				GCC_C_LANGUAGE_STANDARD = gnu17;
				GCC_NO_COMMON_BLOCKS = YES;
				GCC_WARN_64_TO_32_BIT_CONVERSION = YES;
				GCC_WARN_ABOUT_RETURN_TYPE = YES_ERROR;
				GCC_WARN_UNDECLARED_SELECTOR = YES;
				GCC_WARN_UNINITIALIZED_AUTOS = YES_AGGRESSIVE;
				GCC_WARN_UNUSED_FUNCTION = YES;
				GCC_WARN_UNUSED_VARIABLE = YES;
				IPHONEOS_DEPLOYMENT_TARGET = 18.5;
				LOCALIZATION_PREFERS_STRING_CATALOGS = YES;
				MTL_ENABLE_DEBUG_INFO = NO;
				MTL_FAST_MATH = YES;
				SDKROOT = iphoneos;
				SWIFT_COMPILATION_MODE = wholemodule;
				VALIDATE_PRODUCT = YES;
			};
			name = Release;
		};
		6DA3948E2EA7070500335E5E /* Debug */ = {
			isa = XCBuildConfiguration;
			buildSettings = {
				ASSETCATALOG_COMPILER_APPICON_NAME = AppIcon;
				ASSETCATALOG_COMPILER_GLOBAL_ACCENT_COLOR_NAME = AccentColor;
				CODE_SIGN_STYLE = Automatic;
				CURRENT_PROJECT_VERSION = 1;
				DEVELOPMENT_TEAM = T6NP5VY79P;
				ENABLE_PREVIEWS = YES;
				GENERATE_INFOPLIST_FILE = YES;
				INFOPLIST_KEY_UIApplicationSceneManifest_Generation = YES;
				INFOPLIST_KEY_UIApplicationSupportsIndirectInputEvents = YES;
				INFOPLIST_KEY_UILaunchScreen_Generation = YES;
				INFOPLIST_KEY_UISupportedInterfaceOrientations = UIInterfaceOrientationPortrait;
				INFOPLIST_KEY_UISupportedInterfaceOrientations_iPad = "UIInterfaceOrientationLandscapeLeft UIInterfaceOrientationLandscapeRight UIInterfaceOrientationPortrait UIInterfaceOrientationPortraitUpsideDown";
				IPHONEOS_DEPLOYMENT_TARGET = 15.0;
				LD_RUNPATH_SEARCH_PATHS = (
					"$(inherited)",
					"@executable_path/Frameworks",
				);
				MARKETING_VERSION = 1.0;
				PRODUCT_BUNDLE_IDENTIFIER = "abayellow.PDF-Converter";
				PRODUCT_NAME = "$(TARGET_NAME)";
				SWIFT_EMIT_LOC_STRINGS = YES;
				SWIFT_VERSION = 5.0;
				TARGETED_DEVICE_FAMILY = "1,2";
			};
			name = Debug;
		};
		6DA3948F2EA7070500335E5E /* Release */ = {
			isa = XCBuildConfiguration;
			buildSettings = {
				ASSETCATALOG_COMPILER_APPICON_NAME = AppIcon;
				ASSETCATALOG_COMPILER_GLOBAL_ACCENT_COLOR_NAME = AccentColor;
				CODE_SIGN_STYLE = Automatic;
				CURRENT_PROJECT_VERSION = 1;
				DEVELOPMENT_TEAM = T6NP5VY79P;
				ENABLE_PREVIEWS = YES;
				GENERATE_INFOPLIST_FILE = YES;
				INFOPLIST_KEY_UIApplicationSceneManifest_Generation = YES;
				INFOPLIST_KEY_UIApplicationSupportsIndirectInputEvents = YES;
				INFOPLIST_KEY_UILaunchScreen_Generation = YES;
				INFOPLIST_KEY_UISupportedInterfaceOrientations = UIInterfaceOrientationPortrait;
				INFOPLIST_KEY_UISupportedInterfaceOrientations_iPad = "UIInterfaceOrientationLandscapeLeft UIInterfaceOrientationLandscapeRight UIInterfaceOrientationPortrait UIInterfaceOrientationPortraitUpsideDown";
				IPHONEOS_DEPLOYMENT_TARGET = 15.0;
				LD_RUNPATH_SEARCH_PATHS = (
					"$(inherited)",
					"@executable_path/Frameworks",
				);
				MARKETING_VERSION = 1.0;
				PRODUCT_BUNDLE_IDENTIFIER = "abayellow.PDF-Converter";
				PRODUCT_NAME = "$(TARGET_NAME)";
				SWIFT_EMIT_LOC_STRINGS = YES;
				SWIFT_VERSION = 5.0;
				TARGETED_DEVICE_FAMILY = "1,2";
			};
			name = Release;
		};
/* End XCBuildConfiguration section */

/* Begin XCConfigurationList section */
		6DA3947D2EA7070400335E5E /* Build configuration list for PBXProject "PDF Converter" */ = {
			isa = XCConfigurationList;
			buildConfigurations = (
				6DA3948B2EA7070500335E5E /* Debug */,
				6DA3948C2EA7070500335E5E /* Release */,
			);
			defaultConfigurationIsVisible = 0;
			defaultConfigurationName = Release;
		};
		6DA3948D2EA7070500335E5E /* Build configuration list for PBXNativeTarget "PDF Converter" */ = {
			isa = XCConfigurationList;
			buildConfigurations = (
				6DA3948E2EA7070500335E5E /* Debug */,
				6DA3948F2EA7070500335E5E /* Release */,
			);
			defaultConfigurationIsVisible = 0;
			defaultConfigurationName = Release;
		};
/* End XCConfigurationList section */

/* Begin XCVersionGroup section */
		6DA397702EA8B8D700335E5E /* PDFModel.xcdatamodeld */ = {
			isa = XCVersionGroup;
			children = (
				6DA397712EA8B8D700335E5E /* PDFModel.xcdatamodel */,
			);
			currentVersion = 6DA397712EA8B8D700335E5E /* PDFModel.xcdatamodel */;
			path = PDFModel.xcdatamodeld;
			sourceTree = "<group>";
			versionGroupType = wrapper.xcdatamodel;
		};
/* End XCVersionGroup section */
	};
	rootObject = 6DA3947A2EA7070400335E5E /* Project object */;
}
